
Microsoft Visual Studio Solution File, Format Version 12.00
# Visual Studio 2012
Project("{FAE04EC0-301F-11D3-BF4B-00C04F79EFBC}") = "trignometry_angles_in_radians", "trignometry_angles_in_radians\trignometry_angles_in_radians.csproj", "{750A4516-B8BB-42EC-B6D8-5CBC5D32C8BD}"
EndProject
Global
	GlobalSection(SolutionConfigurationPlatforms) = preSolution
		Debug|Any CPU = Debug|Any CPU
		Release|Any CPU = Release|Any CPU
	EndGlobalSection
	GlobalSection(ProjectConfigurationPlatforms) = postSolution
		{750A4516-B8BB-42EC-B6D8-5CBC5D32C8BD}.Debug|Any CPU.ActiveCfg = Debug|Any CPU
		{750A4516-B8BB-42EC-B6D8-5CBC5D32C8BD}.Debug|Any CPU.Build.0 = Debug|Any CPU
		{750A4516-B8BB-42EC-B6D8-5CBC5D32C8BD}.Release|Any CPU.ActiveCfg = Release|Any CPU
		{750A4516-B8BB-42EC-B6D8-5CBC5D32C8BD}.Release|Any CPU.Build.0 = Release|Any CPU
	EndGlobalSection
EndGlobal
